
Microsoft Visual Studio Solution File, Format Version 12.00
# Visual Studio Version 16
VisualStudioVersion = 16.0.31105.61
MinimumVisualStudioVersion = 10.0.40219.1
Project("{FAE04EC0-301F-11D3-BF4B-00C04F79EFBC}") = "лаба2_с_шарп", "лаба2_с_шарп.csproj", "{652E5FE6-1C3C-4D4B-8A66-CC9605C1A6C3}"
EndProject
Global
	GlobalSection(SolutionConfigurationPlatforms) = preSolution
		Debug|Any CPU = Debug|Any CPU
		Release|Any CPU = Release|Any CPU
	EndGlobalSection
	GlobalSection(ProjectConfigurationPlatforms) = postSolution
		{652E5FE6-1C3C-4D4B-8A66-CC9605C1A6C3}.Debug|Any CPU.ActiveCfg = Debug|Any CPU
		{652E5FE6-1C3C-4D4B-8A66-CC9605C1A6C3}.Debug|Any CPU.Build.0 = Debug|Any CPU
		{652E5FE6-1C3C-4D4B-8A66-CC9605C1A6C3}.Release|Any CPU.ActiveCfg = Release|Any CPU
		{652E5FE6-1C3C-4D4B-8A66-CC9605C1A6C3}.Release|Any CPU.Build.0 = Release|Any CPU
	EndGlobalSection
	GlobalSection(SolutionProperties) = preSolution
		HideSolutionNode = FALSE
	EndGlobalSection
	GlobalSection(ExtensibilityGlobals) = postSolution
		SolutionGuid = {5A24E7CD-1D27-4520-A26A-D4FD01D50202}
	EndGlobalSection
EndGlobal
